Microsoft Visual Studio Solution File, Format Version 11.00
# Visual Studio 2008

Project("{8E1D70A7-51BA-EE0B-A80A-56D6CFE630BE}") = "Fly in the Water", "Assembly-CSharp-vs.csproj", "{AF1B0F45-CB19-903B-AD32-4F10A3AAEE76}"
EndProject
Global
	GlobalSection(SolutionConfigurationPlatforms) = preSolution
		Debug|Any CPU = Debug|Any CPU
		Release|Any CPU = Release|Any CPU
	EndGlobalSection
	GlobalSection(ProjectConfigurationPlatforms) = postSolution
		{AF1B0F45-CB19-903B-AD32-4F10A3AAEE76}.Debug|Any CPU.ActiveCfg = Debug|Any CPU
		{AF1B0F45-CB19-903B-AD32-4F10A3AAEE76}.Debug|Any CPU.Build.0 = Debug|Any CPU
		{AF1B0F45-CB19-903B-AD32-4F10A3AAEE76}.Release|Any CPU.ActiveCfg = Release|Any CPU
		{AF1B0F45-CB19-903B-AD32-4F10A3AAEE76}.Release|Any CPU.Build.0 = Release|Any CPU
	EndGlobalSection
	GlobalSection(SolutionProperties) = preSolution
		HideSolutionNode = FALSE
	EndGlobalSection
												GlobalSection(MonoDevelopProperties) = preSolution
		StartupItem = Assembly-CSharp.csproj
		Policies = $0
		$0.TextStylePolicy = $1
		$1.inheritsSet = null
		$1.scope = text/x-csharp
		$0.CSharpFormattingPolicy = $2
		$2.inheritsSet = Mono
		$2.inheritsScope = text/x-csharp
		$2.scope = text/x-csharp
		$0.TextStylePolicy = $3
		$3.FileWidth = 120
		$3.TabWidth = 4
		$3.EolMarker = Unix
		$3.inheritsSet = Mono
		$3.inheritsScope = text/plain
		$3.scope = text/plain
	EndGlobalSection

EndGlobal
